
Microsoft Visual Studio Solution File, Format Version 12.00
# Visual Studio Version 16
VisualStudioVersion = 16.0.31515.178
MinimumVisualStudioVersion = 10.0.40219.1
Project("{2150E333-8FDC-42A3-9474-1A3956D46DE8}") = "1. Domain", "1. Domain", "{2CA9978C-41E1-4077-8BF0-CF54CCC0BE87}"
EndProject
Project("{2150E333-8FDC-42A3-9474-1A3956D46DE8}") = "2. Infrastructure", "2. Infrastructure", "{8EA8E110-7879-4AB5-B171-5BAEAD6F4683}"
EndProject
Project("{2150E333-8FDC-42A3-9474-1A3956D46DE8}") = "3. Services", "3. Services", "{D3E4E1FF-7890-4EBB-9D1F-8721A8F53368}"
EndProject
Project("{2150E333-8FDC-42A3-9474-1A3956D46DE8}") = "4. Presentation", "4. Presentation", "{BC468C3E-F7AB-4736-8F0F-00977DC52A48}"
EndProject
Project("{FAE04EC0-301F-11D3-BF4B-00C04F79EFBC}") = "GroceryScanner.Core", "GroceryScanner.Core\GroceryScanner.Core.csproj", "{5D7F23D3-E07C-4A76-BD68-9AD292CA7CA8}"
EndProject
Project("{FAE04EC0-301F-11D3-BF4B-00C04F79EFBC}") = "GroceryScanner.Services", "GroceryScanner.Services\GroceryScanner.Services.csproj", "{2A173787-06D7-44C0-A05F-04C58A05230F}"
EndProject
Project("{FAE04EC0-301F-11D3-BF4B-00C04F79EFBC}") = "GroceryScanner.Services.Tests", "GroceryScanner.Services.Tests\GroceryScanner.Services.Tests.csproj", "{D7614482-DB06-4AC1-9269-D2BD3AFAF086}"
EndProject
Project("{FAE04EC0-301F-11D3-BF4B-00C04F79EFBC}") = "GroceryScanner.Presentation.Api", "GroceryScanner.Presentation.Api\GroceryScanner.Presentation.Api.csproj", "{C4CCD51D-19CA-414A-8887-E2B354930F47}"
EndProject
Global
	GlobalSection(SolutionConfigurationPlatforms) = preSolution
		Debug|Any CPU = Debug|Any CPU
		Release|Any CPU = Release|Any CPU
	EndGlobalSection
	GlobalSection(ProjectConfigurationPlatforms) = postSolution
		{5D7F23D3-E07C-4A76-BD68-9AD292CA7CA8}.Debug|Any CPU.ActiveCfg = Debug|Any CPU
		{5D7F23D3-E07C-4A76-BD68-9AD292CA7CA8}.Debug|Any CPU.Build.0 = Debug|Any CPU
		{5D7F23D3-E07C-4A76-BD68-9AD292CA7CA8}.Release|Any CPU.ActiveCfg = Release|Any CPU
		{5D7F23D3-E07C-4A76-BD68-9AD292CA7CA8}.Release|Any CPU.Build.0 = Release|Any CPU
		{2A173787-06D7-44C0-A05F-04C58A05230F}.Debug|Any CPU.ActiveCfg = Debug|Any CPU
		{2A173787-06D7-44C0-A05F-04C58A05230F}.Debug|Any CPU.Build.0 = Debug|Any CPU
		{2A173787-06D7-44C0-A05F-04C58A05230F}.Release|Any CPU.ActiveCfg = Release|Any CPU
		{2A173787-06D7-44C0-A05F-04C58A05230F}.Release|Any CPU.Build.0 = Release|Any CPU
		{D7614482-DB06-4AC1-9269-D2BD3AFAF086}.Debug|Any CPU.ActiveCfg = Debug|Any CPU
		{D7614482-DB06-4AC1-9269-D2BD3AFAF086}.Debug|Any CPU.Build.0 = Debug|Any CPU
		{D7614482-DB06-4AC1-9269-D2BD3AFAF086}.Release|Any CPU.ActiveCfg = Release|Any CPU
		{D7614482-DB06-4AC1-9269-D2BD3AFAF086}.Release|Any CPU.Build.0 = Release|Any CPU
		{C4CCD51D-19CA-414A-8887-E2B354930F47}.Debug|Any CPU.ActiveCfg = Debug|Any CPU
		{C4CCD51D-19CA-414A-8887-E2B354930F47}.Debug|Any CPU.Build.0 = Debug|Any CPU
		{C4CCD51D-19CA-414A-8887-E2B354930F47}.Release|Any CPU.ActiveCfg = Release|Any CPU
		{C4CCD51D-19CA-414A-8887-E2B354930F47}.Release|Any CPU.Build.0 = Release|Any CPU
	EndGlobalSection
	GlobalSection(SolutionProperties) = preSolution
		HideSolutionNode = FALSE
	EndGlobalSection
	GlobalSection(NestedProjects) = preSolution
		{5D7F23D3-E07C-4A76-BD68-9AD292CA7CA8} = {2CA9978C-41E1-4077-8BF0-CF54CCC0BE87}
		{2A173787-06D7-44C0-A05F-04C58A05230F} = {D3E4E1FF-7890-4EBB-9D1F-8721A8F53368}
		{D7614482-DB06-4AC1-9269-D2BD3AFAF086} = {D3E4E1FF-7890-4EBB-9D1F-8721A8F53368}
		{C4CCD51D-19CA-414A-8887-E2B354930F47} = {BC468C3E-F7AB-4736-8F0F-00977DC52A48}
	EndGlobalSection
	GlobalSection(ExtensibilityGlobals) = postSolution
		SolutionGuid = {3C790077-8FBA-400D-8AF5-B442D56B5C85}
	EndGlobalSection
EndGlobal
